
Microsoft Visual Studio Solution File, Format Version 12.00
# Visual Studio Version 17
VisualStudioVersion = 17.7.34031.279
MinimumVisualStudioVersion = 10.0.40219.1
Project("{FAE04EC0-301F-11D3-BF4B-00C04F79EFBC}") = "CSharpTest", "CSharpTest\CSharpTest.csproj", "{FDD0573D-9667-4E52-938C-D270626732F1}"
EndProject
Global
	GlobalSection(SolutionConfigurationPlatforms) = preSolution
		Debug|Any CPU = Debug|Any CPU
		Release|Any CPU = Release|Any CPU
	EndGlobalSection
	GlobalSection(ProjectConfigurationPlatforms) = postSolution
		{FDD0573D-9667-4E52-938C-D270626732F1}.Debug|Any CPU.ActiveCfg = Debug|Any CPU
		{FDD0573D-9667-4E52-938C-D270626732F1}.Debug|Any CPU.Build.0 = Debug|Any CPU
		{FDD0573D-9667-4E52-938C-D270626732F1}.Release|Any CPU.ActiveCfg = Release|Any CPU
		{FDD0573D-9667-4E52-938C-D270626732F1}.Release|Any CPU.Build.0 = Release|Any CPU
	EndGlobalSection
	GlobalSection(SolutionProperties) = preSolution
		HideSolutionNode = FALSE
	EndGlobalSection
	GlobalSection(ExtensibilityGlobals) = postSolution
		SolutionGuid = {A1DFC83E-B8FF-4F06-9276-E4BEE659A7BA}
	EndGlobalSection
EndGlobal
